
Microsoft Visual Studio Solution File, Format Version 12.00
# Visual Studio Version 16
VisualStudioVersion = 16.0.29709.97
MinimumVisualStudioVersion = 10.0.40219.1
Project("{9A19103F-16F7-4668-BE54-9A1E7A4F7556}") = "ToDoList", "ToDoList\ToDoList.csproj", "{F54AE6DC-CC81-4303-AF3F-CD1BABA1EF1B}"
EndProject
Global
	GlobalSection(SolutionConfigurationPlatforms) = preSolution
		Debug|Any CPU = Debug|Any CPU
		Release|Any CPU = Release|Any CPU
	EndGlobalSection
	GlobalSection(ProjectConfigurationPlatforms) = postSolution
		{F54AE6DC-CC81-4303-AF3F-CD1BABA1EF1B}.Debug|Any CPU.ActiveCfg = Debug|Any CPU
		{F54AE6DC-CC81-4303-AF3F-CD1BABA1EF1B}.Debug|Any CPU.Build.0 = Debug|Any CPU
		{F54AE6DC-CC81-4303-AF3F-CD1BABA1EF1B}.Release|Any CPU.ActiveCfg = Release|Any CPU
		{F54AE6DC-CC81-4303-AF3F-CD1BABA1EF1B}.Release|Any CPU.Build.0 = Release|Any CPU
	EndGlobalSection
	GlobalSection(SolutionProperties) = preSolution
		HideSolutionNode = FALSE
	EndGlobalSection
	GlobalSection(ExtensibilityGlobals) = postSolution
		SolutionGuid = {420AB287-65F4-4C7E-9183-639D55F3F30E}
	EndGlobalSection
EndGlobal
